{
  "version": 4,
  "terraform_version": "1.9.8",
  "serial": 12,
  "lineage": "4a21fcc4-e91d-f153-9d94-9c247e38b2cb",
  "outputs": {
    "db_security_group_id": {
      "value": "sg-065e5cec8e82d361d",
      "type": "string"
    },
    "db_security_group_name": {
      "value": "aurora-security-group",
      "type": "string"
    }
  },
  "resources": [
    {
      "module": "module.db_security_group",
      "mode": "managed",
      "type": "aws_security_group",
      "name": "aws_sg",
      "provider": "provider[\"registry.terraform.io/hashicorp/aws\"]",
      "instances": [
        {
          "schema_version": 1,
          "attributes": {
            "arn": "arn:aws:ec2:us-west-2:654654588816:security-group/sg-065e5cec8e82d361d",
            "description": "Security group for Aurora MySQL cluster",
            "egress": [],
            "id": "sg-065e5cec8e82d361d",
            "ingress": [],
            "name": "aurora-security-group",
            "name_prefix": "",
            "owner_id": "654654588816",
            "revoke_rules_on_delete": false,
            "tags": {
              "AWSRegion": "Frankfurt",
              "Environment": "development",
              "Name": "aurora-security-group",
              "Organization": "barath SE",
              "Owner": "SRE Team"
            },
            "tags_all": {
              "AWSRegion": "Frankfurt",
              "Environment": "development",
              "Name": "aurora-security-group",
              "Organization": "barath SE",
              "Owner": "SRE Team"
            },
            "timeouts": null,
            "vpc_id": "vpc-0a0b00ffdf36d0179"
          },
          "sensitive_attributes": [],
          "private": "eyJlMmJmYjczMC1lY2FhLTExZTYtOGY4OC0zNDM2M2JjN2M0YzAiOnsiY3JlYXRlIjo2MDAwMDAwMDAwMDAsImRlbGV0ZSI6OTAwMDAwMDAwMDAwfSwic2NoZW1hX3ZlcnNpb24iOiIxIn0=",
          "create_before_destroy": true
        }
      ]
    },
    {
      "module": "module.db_security_group",
      "mode": "managed",
      "type": "aws_vpc_security_group_egress_rule",
      "name": "aws_sg_egress",
      "provider": "provider[\"registry.terraform.io/hashicorp/aws\"]",
      "instances": [
        {
          "index_key": "Allow required outbound traffic",
          "schema_version": 0,
          "attributes": {
            "arn": "arn:aws:ec2:us-west-2:654654588816:security-group-rule/sgr-07d4c5046e81d6cd1",
            "cidr_ipv4": "0.0.0.0/0",
            "cidr_ipv6": null,
            "description": "Allow required outbound traffic",
            "from_port": null,
            "id": "sgr-07d4c5046e81d6cd1",
            "ip_protocol": "-1",
            "prefix_list_id": null,
            "referenced_security_group_id": null,
            "security_group_id": "sg-065e5cec8e82d361d",
            "security_group_rule_id": "sgr-07d4c5046e81d6cd1",
            "tags": null,
            "tags_all": {},
            "to_port": null
          },
          "sensitive_attributes": [],
          "dependencies": [
            "module.db_security_group.aws_security_group.aws_sg"
          ]
        }
      ]
    },
    {
      "module": "module.db_security_group",
      "mode": "managed",
      "type": "aws_vpc_security_group_ingress_rule",
      "name": "aws_sg_ingress",
      "provider": "provider[\"registry.terraform.io/hashicorp/aws\"]",
      "instances": [
        {
          "index_key": "Allow Data VPC",
          "schema_version": 0,
          "attributes": {
            "arn": "arn:aws:ec2:us-west-2:654654588816:security-group-rule/sgr-0ffd9d0e43ba6b5b5",
            "cidr_ipv4": "0.0.0.0/0",
            "cidr_ipv6": null,
            "description": "Allow Data VPC",
            "from_port": 3306,
            "id": "sgr-0ffd9d0e43ba6b5b5",
            "ip_protocol": "tcp",
            "prefix_list_id": null,
            "referenced_security_group_id": null,
            "security_group_id": "sg-065e5cec8e82d361d",
            "security_group_rule_id": "sgr-0ffd9d0e43ba6b5b5",
            "tags": null,
            "tags_all": {},
            "to_port": 3306
          },
          "sensitive_attributes": [],
          "dependencies": [
            "module.db_security_group.aws_security_group.aws_sg"
          ]
        }
      ]
    }
  ],
  "check_results": [
    {
      "object_kind": "var",
      "config_addr": "module.db_security_group.var.ingress_rules",
      "status": "pass",
      "objects": [
        {
          "object_addr": "module.db_security_group.var.ingress_rules",
          "status": "pass"
        }
      ]
    },
    {
      "object_kind": "var",
      "config_addr": "var.default_action",
      "status": "unknown",
      "objects": null
    },
    {
      "object_kind": "var",
      "config_addr": "module.lambda_sg.var.ingress_rules",
      "status": "unknown",
      "objects": null
    },
    {
      "object_kind": "var",
      "config_addr": "module.bastion_sg.var.ingress_rules",
      "status": "unknown",
      "objects": null
    },
    {
      "object_kind": "var",
      "config_addr": "module.eks_nodegroup_sg.var.ingress_rules",
      "status": "unknown",
      "objects": null
    },
    {
      "object_kind": "var",
      "config_addr": "module.db_security_group.var.egress_rules",
      "status": "pass",
      "objects": [
        {
          "object_addr": "module.db_security_group.var.egress_rules",
          "status": "pass"
        }
      ]
    },
    {
      "object_kind": "var",
      "config_addr": "module.lambda_sg.var.egress_rules",
      "status": "unknown",
      "objects": null
    },
    {
      "object_kind": "var",
      "config_addr": "module.alb_security_group.var.egress_rules",
      "status": "unknown",
      "objects": null
    },
    {
      "object_kind": "var",
      "config_addr": "module.bastion_sg.var.egress_rules",
      "status": "unknown",
      "objects": null
    },
    {
      "object_kind": "var",
      "config_addr": "module.alb_security_group.var.ingress_rules",
      "status": "unknown",
      "objects": null
    },
    {
      "object_kind": "var",
      "config_addr": "module.eks_nodegroup_sg.var.egress_rules",
      "status": "unknown",
      "objects": null
    },
    {
      "object_kind": "var",
      "config_addr": "module.eks_cluster_sg.var.egress_rules",
      "status": "unknown",
      "objects": null
    },
    {
      "object_kind": "var",
      "config_addr": "module.eks_cluster_sg.var.ingress_rules",
      "status": "unknown",
      "objects": null
    }
  ]
}
